
Microsoft Visual Studio Solution File, Format Version 12.00
# Visual Studio Version 16
VisualStudioVersion = 16.0.30002.166
MinimumVisualStudioVersion = 10.0.40219.1
Project("{FAE04EC0-301F-11D3-BF4B-00C04F79EFBC}") = "FontSquirrelSharp", "FontSquirrelSharp\FontSquirrelSharp.csproj", "{A377672C-11C6-454F-9CAE-17753D8E8B3A}"
EndProject
Global
	GlobalSection(SolutionConfigurationPlatforms) = preSolution
		Debug|Any CPU = Debug|Any CPU
		Release|Any CPU = Release|Any CPU
	EndGlobalSection
	GlobalSection(ProjectConfigurationPlatforms) = postSolution
		{A377672C-11C6-454F-9CAE-17753D8E8B3A}.Debug|Any CPU.ActiveCfg = Debug|Any CPU
		{A377672C-11C6-454F-9CAE-17753D8E8B3A}.Debug|Any CPU.Build.0 = Debug|Any CPU
		{A377672C-11C6-454F-9CAE-17753D8E8B3A}.Release|Any CPU.ActiveCfg = Release|Any CPU
		{A377672C-11C6-454F-9CAE-17753D8E8B3A}.Release|Any CPU.Build.0 = Release|Any CPU
	EndGlobalSection
	GlobalSection(SolutionProperties) = preSolution
		HideSolutionNode = FALSE
	EndGlobalSection
	GlobalSection(ExtensibilityGlobals) = postSolution
		SolutionGuid = {D1D3C26B-BF46-4323-B3FF-60E253F1F5A5}
	EndGlobalSection
EndGlobal
